
Microsoft Visual Studio Solution File, Format Version 12.00
# Visual Studio 2013
VisualStudioVersion = 12.0.31101.0
MinimumVisualStudioVersion = 10.0.40219.1
Project("{FAE04EC0-301F-11D3-BF4B-00C04F79EFBC}") = "Social.RepositoriesLibrary", "Social.Repositories\Social.RepositoriesLibrary.csproj", "{4F420585-4E67-4BDF-B39F-AD0065ED7140}"
EndProject
Project("{FAE04EC0-301F-11D3-BF4B-00C04F79EFBC}") = "Social.UnitTests", "Social.UnitTests\Social.UnitTests.csproj", "{917200A7-B25F-416F-8BCA-CC907D52DF08}"
EndProject
Project("{FAE04EC0-301F-11D3-BF4B-00C04F79EFBC}") = "Social.StatConsole", "Social.StatConsole\Social.StatConsole.csproj", "{08BE9EC2-5D59-4E45-9E7D-7098A26D4BEC}"
EndProject
Project("{2150E333-8FDC-42A3-9474-1A3956D46DE8}") = "M", "M", "{40C2476F-AFA6-40BD-AFA7-5100CFCE6ED9}"
EndProject
Project("{FAE04EC0-301F-11D3-BF4B-00C04F79EFBC}") = "Social.ServicesLibrary", "Social.ServicesLibrary\Social.ServicesLibrary.csproj", "{3ABDED04-7346-4F6C-94B8-7941897594D9}"
EndProject
Project("{2150E333-8FDC-42A3-9474-1A3956D46DE8}") = "V", "V", "{6D6BD81A-5EE2-4ACB-99B7-ECB668A49CDA}"
EndProject
Project("{FAE04EC0-301F-11D3-BF4B-00C04F79EFBC}") = "Body", "Body\Body.csproj", "{A44AD487-4124-4867-81E5-BCC3871EFFAA}"
EndProject
Project("{FAE04EC0-301F-11D3-BF4B-00C04F79EFBC}") = "Social.TestConsole", "Social.TestConsole\Social.TestConsole.csproj", "{18631A00-CDEF-41D3-BDB7-9DC3931A508F}"
EndProject
Project("{FAE04EC0-301F-11D3-BF4B-00C04F79EFBC}") = "Social.WebMVC", "Social.WebMVC\Social.WebMVC.csproj", "{A1082601-4C7D-4C31-BFEB-B581ED64994B}"
EndProject
Project("{FAE04EC0-301F-11D3-BF4B-00C04F79EFBC}") = "Social.EurekaSanteCrawlerConsole", "Social.EurekaSanteCrawlerConsole\Social.EurekaSanteCrawlerConsole.csproj", "{92017F7C-A95A-4D78-B4CF-67F13F32EAA6}"
EndProject
Project("{FAE04EC0-301F-11D3-BF4B-00C04F79EFBC}") = "Social.PreviewConsole", "Social.PreviewConsole\Social.PreviewConsole.csproj", "{E3173DB8-C88C-4411-9770-4DC616495FDF}"
EndProject
Global
	
	GlobalSection(SolutionConfigurationPlatforms) = preSolution
		Debug|Any CPU = Debug|Any CPU
		Release|Any CPU = Release|Any CPU
	EndGlobalSection
	GlobalSection(ProjectConfigurationPlatforms) = postSolution
		{4F420585-4E67-4BDF-B39F-AD0065ED7140}.Debug|Any CPU.ActiveCfg = Debug|Any CPU
		{4F420585-4E67-4BDF-B39F-AD0065ED7140}.Debug|Any CPU.Build.0 = Debug|Any CPU
		{4F420585-4E67-4BDF-B39F-AD0065ED7140}.Release|Any CPU.ActiveCfg = Release|Any CPU
		{4F420585-4E67-4BDF-B39F-AD0065ED7140}.Release|Any CPU.Build.0 = Release|Any CPU
		{917200A7-B25F-416F-8BCA-CC907D52DF08}.Debug|Any CPU.ActiveCfg = Debug|Any CPU
		{917200A7-B25F-416F-8BCA-CC907D52DF08}.Debug|Any CPU.Build.0 = Debug|Any CPU
		{917200A7-B25F-416F-8BCA-CC907D52DF08}.Release|Any CPU.ActiveCfg = Release|Any CPU
		{917200A7-B25F-416F-8BCA-CC907D52DF08}.Release|Any CPU.Build.0 = Release|Any CPU
		{08BE9EC2-5D59-4E45-9E7D-7098A26D4BEC}.Debug|Any CPU.ActiveCfg = Debug|Any CPU
		{08BE9EC2-5D59-4E45-9E7D-7098A26D4BEC}.Debug|Any CPU.Build.0 = Debug|Any CPU
		{08BE9EC2-5D59-4E45-9E7D-7098A26D4BEC}.Release|Any CPU.ActiveCfg = Release|Any CPU
		{08BE9EC2-5D59-4E45-9E7D-7098A26D4BEC}.Release|Any CPU.Build.0 = Release|Any CPU
		{3ABDED04-7346-4F6C-94B8-7941897594D9}.Debug|Any CPU.ActiveCfg = Debug|Any CPU
		{3ABDED04-7346-4F6C-94B8-7941897594D9}.Debug|Any CPU.Build.0 = Debug|Any CPU
		{3ABDED04-7346-4F6C-94B8-7941897594D9}.Release|Any CPU.ActiveCfg = Release|Any CPU
		{3ABDED04-7346-4F6C-94B8-7941897594D9}.Release|Any CPU.Build.0 = Release|Any CPU
		{A44AD487-4124-4867-81E5-BCC3871EFFAA}.Debug|Any CPU.ActiveCfg = Debug|Any CPU
		{A44AD487-4124-4867-81E5-BCC3871EFFAA}.Debug|Any CPU.Build.0 = Debug|Any CPU
		{A44AD487-4124-4867-81E5-BCC3871EFFAA}.Release|Any CPU.ActiveCfg = Release|Any CPU
		{A44AD487-4124-4867-81E5-BCC3871EFFAA}.Release|Any CPU.Build.0 = Release|Any CPU
		{18631A00-CDEF-41D3-BDB7-9DC3931A508F}.Debug|Any CPU.ActiveCfg = Debug|Any CPU
		{18631A00-CDEF-41D3-BDB7-9DC3931A508F}.Debug|Any CPU.Build.0 = Debug|Any CPU
		{18631A00-CDEF-41D3-BDB7-9DC3931A508F}.Release|Any CPU.ActiveCfg = Release|Any CPU
		{18631A00-CDEF-41D3-BDB7-9DC3931A508F}.Release|Any CPU.Build.0 = Release|Any CPU
		{A1082601-4C7D-4C31-BFEB-B581ED64994B}.Debug|Any CPU.ActiveCfg = Debug|Any CPU
		{A1082601-4C7D-4C31-BFEB-B581ED64994B}.Debug|Any CPU.Build.0 = Debug|Any CPU
		{A1082601-4C7D-4C31-BFEB-B581ED64994B}.Release|Any CPU.ActiveCfg = Release|Any CPU
		{A1082601-4C7D-4C31-BFEB-B581ED64994B}.Release|Any CPU.Build.0 = Release|Any CPU
		{92017F7C-A95A-4D78-B4CF-67F13F32EAA6}.Debug|Any CPU.ActiveCfg = Debug|Any CPU
		{92017F7C-A95A-4D78-B4CF-67F13F32EAA6}.Debug|Any CPU.Build.0 = Debug|Any CPU
		{92017F7C-A95A-4D78-B4CF-67F13F32EAA6}.Release|Any CPU.ActiveCfg = Release|Any CPU
		{92017F7C-A95A-4D78-B4CF-67F13F32EAA6}.Release|Any CPU.Build.0 = Release|Any CPU
		{E3173DB8-C88C-4411-9770-4DC616495FDF}.Debug|Any CPU.ActiveCfg = Debug|Any CPU
		{E3173DB8-C88C-4411-9770-4DC616495FDF}.Debug|Any CPU.Build.0 = Debug|Any CPU
		{E3173DB8-C88C-4411-9770-4DC616495FDF}.Release|Any CPU.ActiveCfg = Release|Any CPU
		{E3173DB8-C88C-4411-9770-4DC616495FDF}.Release|Any CPU.Build.0 = Release|Any CPU
	EndGlobalSection
	GlobalSection(SolutionProperties) = preSolution
		HideSolutionNode = FALSE
	EndGlobalSection
	GlobalSection(NestedProjects) = preSolution
		{4F420585-4E67-4BDF-B39F-AD0065ED7140} = {40C2476F-AFA6-40BD-AFA7-5100CFCE6ED9}
		{917200A7-B25F-416F-8BCA-CC907D52DF08} = {40C2476F-AFA6-40BD-AFA7-5100CFCE6ED9}
		{08BE9EC2-5D59-4E45-9E7D-7098A26D4BEC} = {6D6BD81A-5EE2-4ACB-99B7-ECB668A49CDA}
		{3ABDED04-7346-4F6C-94B8-7941897594D9} = {40C2476F-AFA6-40BD-AFA7-5100CFCE6ED9}
		{A44AD487-4124-4867-81E5-BCC3871EFFAA} = {6D6BD81A-5EE2-4ACB-99B7-ECB668A49CDA}
		{18631A00-CDEF-41D3-BDB7-9DC3931A508F} = {6D6BD81A-5EE2-4ACB-99B7-ECB668A49CDA}
		{A1082601-4C7D-4C31-BFEB-B581ED64994B} = {6D6BD81A-5EE2-4ACB-99B7-ECB668A49CDA}
		{92017F7C-A95A-4D78-B4CF-67F13F32EAA6} = {6D6BD81A-5EE2-4ACB-99B7-ECB668A49CDA}
		{E3173DB8-C88C-4411-9770-4DC616495FDF} = {6D6BD81A-5EE2-4ACB-99B7-ECB668A49CDA}
	EndGlobalSection
EndGlobal
